
Microsoft Visual Studio Solution File, Format Version 12.00
# Visual Studio Version 16
VisualStudioVersion = 16.0.31410.357
MinimumVisualStudioVersion = 10.0.40219.1
Project("{FAE04EC0-301F-11D3-BF4B-00C04F79EFBC}") = "Pract_11G", "Pract_11G\Pract_11G.csproj", "{2D65B052-CFA2-421E-B38E-E0650BA69778}"
EndProject
Global
	GlobalSection(SolutionConfigurationPlatforms) = preSolution
		Debug|Any CPU = Debug|Any CPU
		Release|Any CPU = Release|Any CPU
	EndGlobalSection
	GlobalSection(ProjectConfigurationPlatforms) = postSolution
		{2D65B052-CFA2-421E-B38E-E0650BA69778}.Debug|Any CPU.ActiveCfg = Debug|Any CPU
		{2D65B052-CFA2-421E-B38E-E0650BA69778}.Debug|Any CPU.Build.0 = Debug|Any CPU
		{2D65B052-CFA2-421E-B38E-E0650BA69778}.Release|Any CPU.ActiveCfg = Release|Any CPU
		{2D65B052-CFA2-421E-B38E-E0650BA69778}.Release|Any CPU.Build.0 = Release|Any CPU
	EndGlobalSection
	GlobalSection(SolutionProperties) = preSolution
		HideSolutionNode = FALSE
	EndGlobalSection
	GlobalSection(ExtensibilityGlobals) = postSolution
		SolutionGuid = {FBCD6E80-4F49-47ED-B09E-DE60C2DA3B8D}
	EndGlobalSection
EndGlobal
